<Solution>
  <Project Path="EducationForEvery1.Application/EducationForEvery1.Application.csproj" />
  <Project Path="EducationForEvery1.Domain/EducationForEvery1.Domain.csproj" />
  <Project Path="EducationForEvery1.Infrastructure/EducationForEvery1.Infrastructure.csproj" />
  <Project Path="EducationForEvery1.Tests/EducationForEvery1.Tests.csproj" Id="f89acca3-2dde-4c43-b6db-32fa27fc21f6" />
  <Project Path="EducationForEvery1/EducationForEvery1.csproj" />
</Solution>
